// !$*UTF8*$!
{
	archiveVersion = 1;
	classes = {
	};
	objectVersion = 46;
	objects = {

/* Begin PBXBuildFile section */
		7ED77A561DC840EA000A9934 /* AppDelegate.swift in Sources */ = {isa = PBXBuildFile; fileRef = 7ED77A551DC840EA000A9934 /* AppDelegate.swift */; };
		7ED77A581DC840EA000A9934 /* ViewController.swift in Sources */ = {isa = PBXBuildFile; fileRef = 7ED77A571DC840EA000A9934 /* ViewController.swift */; };
		7ED77A5B1DC840EA000A9934 /* Main.storyboard in Resources */ = {isa = PBXBuildFile; fileRef = 7ED77A591DC840EA000A9934 /* Main.storyboard */; };
		7ED77A5D1DC840EA000A9934 /* Assets.xcassets in Resources */ = {isa = PBXBuildFile; fileRef = 7ED77A5C1DC840EA000A9934 /* Assets.xcassets */; };
		7ED77A601DC840EA000A9934 /* LaunchScreen.storyboard in Resources */ = {isa = PBXBuildFile; fileRef = 7ED77A5E1DC840EA000A9934 /* LaunchScreen.storyboard */; };
		7ED77A6B1DC840EB000A9934 /* MailboxTests.swift in Sources */ = {isa = PBXBuildFile; fileRef = 7ED77A6A1DC840EB000A9934 /* MailboxTests.swift */; };
		7ED77A761DC840EB000A9934 /* MailboxUITests.swift in Sources */ = {isa = PBXBuildFile; fileRef = 7ED77A751DC840EB000A9934 /* MailboxUITests.swift */; };
		7ED77A851DC84151000A9934 /* MailboxViewController.swift in Sources */ = {isa = PBXBuildFile; fileRef = 7ED77A841DC84151000A9934 /* MailboxViewController.swift */; };
/* End PBXBuildFile section */

/* Begin PBXContainerItemProxy section */
		7ED77A671DC840EB000A9934 /* PBXContainerItemProxy */ = {
			isa = PBXContainerItemProxy;
			containerPortal = 7ED77A4A1DC840EA000A9934 /* Project object */;
			proxyType = 1;
			remoteGlobalIDString = 7ED77A511DC840EA000A9934;
			remoteInfo = Mailbox;
		};
		7ED77A721DC840EB000A9934 /* PBXContainerItemProxy */ = {
			isa = PBXContainerItemProxy;
			containerPortal = 7ED77A4A1DC840EA000A9934 /* Project object */;
			proxyType = 1;
			remoteGlobalIDString = 7ED77A511DC840EA000A9934;
			remoteInfo = Mailbox;
		};
/* End PBXContainerItemProxy section */

/* Begin PBXFileReference section */
		7ED77A521DC840EA000A9934 /* Mailbox.app */ = {isa = PBXFileReference; explicitFileType = wrapper.application; includeInIndex = 0; path = Mailbox.app; sourceTree = BUILT_PRODUCTS_DIR; };
		7ED77A551DC840EA000A9934 /* AppDelegate.swift */ = {isa = PBXFileReference; lastKnownFileType = sourcecode.swift; path = AppDelegate.swift; sourceTree = "<group>"; };
		7ED77A571DC840EA000A9934 /* ViewController.swift */ = {isa = PBXFileReference; lastKnownFileType = sourcecode.swift; path = ViewController.swift; sourceTree = "<group>"; };
		7ED77A5A1DC840EA000A9934 /* Base */ = {isa = PBXFileReference; lastKnownFileType = file.storyboard; name = Base; path = Base.lproj/Main.storyboard; sourceTree = "<group>"; };
		7ED77A5C1DC840EA000A9934 /* Assets.xcassets */ = {isa = PBXFileReference; lastKnownFileType = folder.assetcatalog; path = Assets.xcassets; sourceTree = "<group>"; };
		7ED77A5F1DC840EA000A9934 /* Base */ = {isa = PBXFileReference; lastKnownFileType = file.storyboard; name = Base; path = Base.lproj/LaunchScreen.storyboard; sourceTree = "<group>"; };
		7ED77A611DC840EA000A9934 /* Info.plist */ = {isa = PBXFileReference; lastKnownFileType = text.plist.xml; path = Info.plist; sourceTree = "<group>"; };
		7ED77A661DC840EB000A9934 /* MailboxTests.xctest */ = {isa = PBXFileReference; explicitFileType = wrapper.cfbundle; includeInIndex = 0; path = MailboxTests.xctest; sourceTree = BUILT_PRODUCTS_DIR; };
		7ED77A6A1DC840EB000A9934 /* MailboxTests.swift */ = {isa = PBXFileReference; lastKnownFileType = sourcecode.swift; path = MailboxTests.swift; sourceTree = "<group>"; };
		7ED77A6C1DC840EB000A9934 /* Info.plist */ = {isa = PBXFileReference; lastKnownFileType = text.plist.xml; path = Info.plist; sourceTree = "<group>"; };
		7ED77A711DC840EB000A9934 /* MailboxUITests.xctest */ = {isa = PBXFileReference; explicitFileType = wrapper.cfbundle; includeInIndex = 0; path = MailboxUITests.xctest; sourceTree = BUILT_PRODUCTS_DIR; };
		7ED77A751DC840EB000A9934 /* MailboxUITests.swift */ = {isa = PBXFileReference; lastKnownFileType = sourcecode.swift; path = MailboxUITests.swift; sourceTree = "<group>"; };
		7ED77A771DC840EB000A9934 /* Info.plist */ = {isa = PBXFileReference; lastKnownFileType = text.plist.xml; path = Info.plist; sourceTree = "<group>"; };
		7ED77A841DC84151000A9934 /* MailboxViewController.swift */ = {isa = PBXFileReference; fileEncoding = 4; lastKnownFileType = sourcecode.swift; path = MailboxViewController.swift; sourceTree = "<group>"; };
/* End PBXFileReference section */

/* Begin PBXFrameworksBuildPhase section */
		7ED77A4F1DC840EA000A9934 /* Frameworks */ = {
			isa = PBXFrameworksBuildPhase;
			buildActionMask = 2147483647;
			files = (
			);
			runOnlyForDeploymentPostprocessing = 0;
		};
		7ED77A631DC840EB000A9934 /* Frameworks */ = {
			isa = PBXFrameworksBuildPhase;
			buildActionMask = 2147483647;
			files = (
			);
			runOnlyForDeploymentPostprocessing = 0;
		};
		7ED77A6E1DC840EB000A9934 /* Frameworks */ = {
			isa = PBXFrameworksBuildPhase;
			buildActionMask = 2147483647;
			files = (
			);
			runOnlyForDeploymentPostprocessing = 0;
		};
/* End PBXFrameworksBuildPhase section */

/* Begin PBXGroup section */
		7ED77A491DC840EA000A9934 = {
			isa = PBXGroup;
			children = (
				7ED77A541DC840EA000A9934 /* Mailbox */,
				7ED77A691DC840EB000A9934 /* MailboxTests */,
				7ED77A741DC840EB000A9934 /* MailboxUITests */,
				7ED77A531DC840EA000A9934 /* Products */,
			);
			sourceTree = "<group>";
		};
		7ED77A531DC840EA000A9934 /* Products */ = {
			isa = PBXGroup;
			children = (
				7ED77A521DC840EA000A9934 /* Mailbox.app */,
				7ED77A661DC840EB000A9934 /* MailboxTests.xctest */,
				7ED77A711DC840EB000A9934 /* MailboxUITests.xctest */,
			);
			name = Products;
			sourceTree = "<group>";
		};
		7ED77A541DC840EA000A9934 /* Mailbox */ = {
			isa = PBXGroup;
			children = (
				7ED77A831DC84143000A9934 /* ViewControllers */,
				7ED77A551DC840EA000A9934 /* AppDelegate.swift */,
				7ED77A571DC840EA000A9934 /* ViewController.swift */,
				7ED77A591DC840EA000A9934 /* Main.storyboard */,
				7ED77A5C1DC840EA000A9934 /* Assets.xcassets */,
				7ED77A5E1DC840EA000A9934 /* LaunchScreen.storyboard */,
				7ED77A611DC840EA000A9934 /* Info.plist */,
			);
			path = Mailbox;
			sourceTree = "<group>";
		};
		7ED77A691DC840EB000A9934 /* MailboxTests */ = {
			isa = PBXGroup;
			children = (
				7ED77A6A1DC840EB000A9934 /* MailboxTests.swift */,
				7ED77A6C1DC840EB000A9934 /* Info.plist */,
			);
			path = MailboxTests;
			sourceTree = "<group>";
		};
		7ED77A741DC840EB000A9934 /* MailboxUITests */ = {
			isa = PBXGroup;
			children = (
				7ED77A751DC840EB000A9934 /* MailboxUITests.swift */,
				7ED77A771DC840EB000A9934 /* Info.plist */,
			);
			path = MailboxUITests;
			sourceTree = "<group>";
		};
		7ED77A831DC84143000A9934 /* ViewControllers */ = {
			isa = PBXGroup;
			children = (
				7ED77A841DC84151000A9934 /* MailboxViewController.swift */,
			);
			name = ViewControllers;
			sourceTree = "<group>";
		};
/* End PBXGroup section */

/* Begin PBXNativeTarget section */
		7ED77A511DC840EA000A9934 /* Mailbox */ = {
			isa = PBXNativeTarget;
			buildConfigurationList = 7ED77A7A1DC840EB000A9934 /* Build configuration list for PBXNativeTarget "Mailbox" */;
			buildPhases = (
				7ED77A4E1DC840EA000A9934 /* Sources */,
				7ED77A4F1DC840EA000A9934 /* Frameworks */,
				7ED77A501DC840EA000A9934 /* Resources */,
			);
			buildRules = (
			);
			dependencies = (
			);
			name = Mailbox;
			productName = Mailbox;
			productReference = 7ED77A521DC840EA000A9934 /* Mailbox.app */;
			productType = "com.apple.product-type.application";
		};
		7ED77A651DC840EB000A9934 /* MailboxTests */ = {
			isa = PBXNativeTarget;
			buildConfigurationList = 7ED77A7D1DC840EB000A9934 /* Build configuration list for PBXNativeTarget "MailboxTests" */;
			buildPhases = (
				7ED77A621DC840EB000A9934 /* Sources */,
				7ED77A631DC840EB000A9934 /* Frameworks */,
				7ED77A641DC840EB000A9934 /* Resources */,
			);
			buildRules = (
			);
			dependencies = (
				7ED77A681DC840EB000A9934 /* PBXTargetDependency */,
			);
			name = MailboxTests;
			productName = MailboxTests;
			productReference = 7ED77A661DC840EB000A9934 /* MailboxTests.xctest */;
			productType = "com.apple.product-type.bundle.unit-test";
		};
		7ED77A701DC840EB000A9934 /* MailboxUITests */ = {
			isa = PBXNativeTarget;
			buildConfigurationList = 7ED77A801DC840EB000A9934 /* Build configuration list for PBXNativeTarget "MailboxUITests" */;
			buildPhases = (
				7ED77A6D1DC840EB000A9934 /* Sources */,
				7ED77A6E1DC840EB000A9934 /* Frameworks */,
				7ED77A6F1DC840EB000A9934 /* Resources */,
			);
			buildRules = (
			);
			dependencies = (
				7ED77A731DC840EB000A9934 /* PBXTargetDependency */,
			);
			name = MailboxUITests;
			productName = MailboxUITests;
			productReference = 7ED77A711DC840EB000A9934 /* MailboxUITests.xctest */;
			productType = "com.apple.product-type.bundle.ui-testing";
		};
/* End PBXNativeTarget section */

/* Begin PBXProject section */
		7ED77A4A1DC840EA000A9934 /* Project object */ = {
			isa = PBXProject;
			attributes = {
				LastSwiftUpdateCheck = 0800;
				LastUpgradeCheck = 0800;
				ORGANIZATIONNAME = "Sophia KC";
				TargetAttributes = {
					7ED77A511DC840EA000A9934 = {
						CreatedOnToolsVersion = 8.0;
						ProvisioningStyle = Automatic;
					};
					7ED77A651DC840EB000A9934 = {
						CreatedOnToolsVersion = 8.0;
						ProvisioningStyle = Automatic;
						TestTargetID = 7ED77A511DC840EA000A9934;
					};
					7ED77A701DC840EB000A9934 = {
						CreatedOnToolsVersion = 8.0;
						ProvisioningStyle = Automatic;
						TestTargetID = 7ED77A511DC840EA000A9934;
					};
				};
			};
			buildConfigurationList = 7ED77A4D1DC840EA000A9934 /* Build configuration list for PBXProject "Mailbox" */;
			compatibilityVersion = "Xcode 3.2";
			developmentRegion = English;
			hasScannedForEncodings = 0;
			knownRegions = (
				en,
				Base,
			);
			mainGroup = 7ED77A491DC840EA000A9934;
			productRefGroup = 7ED77A531DC840EA000A9934 /* Products */;
			projectDirPath = "";
			projectRoot = "";
			targets = (
				7ED77A511DC840EA000A9934 /* Mailbox */,
				7ED77A651DC840EB000A9934 /* MailboxTests */,
				7ED77A701DC840EB000A9934 /* MailboxUITests */,
			);
		};
/* End PBXProject section */

/* Begin PBXResourcesBuildPhase section */
		7ED77A501DC840EA000A9934 /* Resources */ = {
			isa = PBXResourcesBuildPhase;
			buildActionMask = 2147483647;
			files = (
				7ED77A601DC840EA000A9934 /* LaunchScreen.storyboard in Resources */,
				7ED77A5D1DC840EA000A9934 /* Assets.xcassets in Resources */,
				7ED77A5B1DC840EA000A9934 /* Main.storyboard in Resources */,
			);
			runOnlyForDeploymentPostprocessing = 0;
		};
		7ED77A641DC840EB000A9934 /* Resources */ = {
			isa = PBXResourcesBuildPhase;
			buildActionMask = 2147483647;
			files = (
			);
			runOnlyForDeploymentPostprocessing = 0;
		};
		7ED77A6F1DC840EB000A9934 /* Resources */ = {
			isa = PBXResourcesBuildPhase;
			buildActionMask = 2147483647;
			files = (
			);
			runOnlyForDeploymentPostprocessing = 0;
		};
/* End PBXResourcesBuildPhase section */

/* Begin PBXSourcesBuildPhase section */
		7ED77A4E1DC840EA000A9934 /* Sources */ = {
			isa = PBXSourcesBuildPhase;
			buildActionMask = 2147483647;
			files = (
				7ED77A581DC840EA000A9934 /* ViewController.swift in Sources */,
				7ED77A561DC840EA000A9934 /* AppDelegate.swift in Sources */,
				7ED77A851DC84151000A9934 /* MailboxViewController.swift in Sources */,
			);
			runOnlyForDeploymentPostprocessing = 0;
		};
		7ED77A621DC840EB000A9934 /* Sources */ = {
			isa = PBXSourcesBuildPhase;
			buildActionMask = 2147483647;
			files = (
				7ED77A6B1DC840EB000A9934 /* MailboxTests.swift in Sources */,
			);
			runOnlyForDeploymentPostprocessing = 0;
		};
		7ED77A6D1DC840EB000A9934 /* Sources */ = {
			isa = PBXSourcesBuildPhase;
			buildActionMask = 2147483647;
			files = (
				7ED77A761DC840EB000A9934 /* MailboxUITests.swift in Sources */,
			);
			runOnlyForDeploymentPostprocessing = 0;
		};
/* End PBXSourcesBuildPhase section */

/* Begin PBXTargetDependency section */
		7ED77A681DC840EB000A9934 /* PBXTargetDependency */ = {
			isa = PBXTargetDependency;
			target = 7ED77A511DC840EA000A9934 /* Mailbox */;
			targetProxy = 7ED77A671DC840EB000A9934 /* PBXContainerItemProxy */;
		};
		7ED77A731DC840EB000A9934 /* PBXTargetDependency */ = {
			isa = PBXTargetDependency;
			target = 7ED77A511DC840EA000A9934 /* Mailbox */;
			targetProxy = 7ED77A721DC840EB000A9934 /* PBXContainerItemProxy */;
		};
/* End PBXTargetDependency section */

/* Begin PBXVariantGroup section */
		7ED77A591DC840EA000A9934 /* Main.storyboard */ = {
			isa = PBXVariantGroup;
			children = (
				7ED77A5A1DC840EA000A9934 /* Base */,
			);
			name = Main.storyboard;
			sourceTree = "<group>";
		};
		7ED77A5E1DC840EA000A9934 /* LaunchScreen.storyboard */ = {
			isa = PBXVariantGroup;
			children = (
				7ED77A5F1DC840EA000A9934 /* Base */,
			);
			name = LaunchScreen.storyboard;
			sourceTree = "<group>";
		};
/* End PBXVariantGroup section */

/* Begin XCBuildConfiguration section */
		7ED77A781DC840EB000A9934 /* Debug */ = {
			isa = XCBuildConfiguration;
			buildSettings = {
				ALWAYS_SEARCH_USER_PATHS = NO;
				CLANG_ANALYZER_NONNULL = YES;
				CLANG_CXX_LANGUAGE_STANDARD = "gnu++0x";
				CLANG_CXX_LIBRARY = "libc++";
				CLANG_ENABLE_MODULES = YES;
				CLANG_ENABLE_OBJC_ARC = YES;
				CLANG_WARN_BOOL_CONVERSION = YES;
				CLANG_WARN_CONSTANT_CONVERSION = YES;
				CLANG_WARN_DIRECT_OBJC_ISA_USAGE = YES_ERROR;
				CLANG_WARN_DOCUMENTATION_COMMENTS = YES;
				CLANG_WARN_EMPTY_BODY = YES;
				CLANG_WARN_ENUM_CONVERSION = YES;
				CLANG_WARN_INFINITE_RECURSION = YES;
				CLANG_WARN_INT_CONVERSION = YES;
				CLANG_WARN_OBJC_ROOT_CLASS = YES_ERROR;
				CLANG_WARN_SUSPICIOUS_MOVES = YES;
				CLANG_WARN_UNREACHABLE_CODE = YES;
				CLANG_WARN__DUPLICATE_METHOD_MATCH = YES;
				"CODE_SIGN_IDENTITY[sdk=iphoneos*]" = "iPhone Developer";
				COPY_PHASE_STRIP = NO;
				DEBUG_INFORMATION_FORMAT = dwarf;
				ENABLE_STRICT_OBJC_MSGSEND = YES;
				ENABLE_TESTABILITY = YES;
				GCC_C_LANGUAGE_STANDARD = gnu99;
				GCC_DYNAMIC_NO_PIC = NO;
				GCC_NO_COMMON_BLOCKS = YES;
				GCC_OPTIMIZATION_LEVEL = 0;
				GCC_PREPROCESSOR_DEFINITIONS = (
					"DEBUG=1",
					"$(inherited)",
				);
				GCC_WARN_64_TO_32_BIT_CONVERSION = YES;
				GCC_WARN_ABOUT_RETURN_TYPE = YES_ERROR;
				GCC_WARN_UNDECLARED_SELECTOR = YES;
				GCC_WARN_UNINITIALIZED_AUTOS = YES_AGGRESSIVE;
				GCC_WARN_UNUSED_FUNCTION = YES;
				GCC_WARN_UNUSED_VARIABLE = YES;
				IPHONEOS_DEPLOYMENT_TARGET = 10.0;
				MTL_ENABLE_DEBUG_INFO = YES;
				ONLY_ACTIVE_ARCH = YES;
				SDKROOT = iphoneos;
				SWIFT_ACTIVE_COMPILATION_CONDITIONS = DEBUG;
				SWIFT_OPTIMIZATION_LEVEL = "-Onone";
			};
			name = Debug;
		};
		7ED77A791DC840EB000A9934 /* Release */ = {
			isa = XCBuildConfiguration;
			buildSettings = {
				ALWAYS_SEARCH_USER_PATHS = NO;
				CLANG_ANALYZER_NONNULL = YES;
				CLANG_CXX_LANGUAGE_STANDARD = "gnu++0x";
				CLANG_CXX_LIBRARY = "libc++";
				CLANG_ENABLE_MODULES = YES;
				CLANG_ENABLE_OBJC_ARC = YES;
				CLANG_WARN_BOOL_CONVERSION = YES;
				CLANG_WARN_CONSTANT_CONVERSION = YES;
				CLANG_WARN_DIRECT_OBJC_ISA_USAGE = YES_ERROR;
				CLANG_WARN_DOCUMENTATION_COMMENTS = YES;
				CLANG_WARN_EMPTY_BODY = YES;
				CLANG_WARN_ENUM_CONVERSION = YES;
				CLANG_WARN_INFINITE_RECURSION = YES;
				CLANG_WARN_INT_CONVERSION = YES;
				CLANG_WARN_OBJC_ROOT_CLASS = YES_ERROR;
				CLANG_WARN_SUSPICIOUS_MOVES = YES;
				CLANG_WARN_UNREACHABLE_CODE = YES;
				CLANG_WARN__DUPLICATE_METHOD_MATCH = YES;
				"CODE_SIGN_IDENTITY[sdk=iphoneos*]" = "iPhone Developer";
				COPY_PHASE_STRIP = NO;
				DEBUG_INFORMATION_FORMAT = "dwarf-with-dsym";
				ENABLE_NS_ASSERTIONS = NO;
				ENABLE_STRICT_OBJC_MSGSEND = YES;
				GCC_C_LANGUAGE_STANDARD = gnu99;
				GCC_NO_COMMON_BLOCKS = YES;
				GCC_WARN_64_TO_32_BIT_CONVERSION = YES;
				GCC_WARN_ABOUT_RETURN_TYPE = YES_ERROR;
				GCC_WARN_UNDECLARED_SELECTOR = YES;
				GCC_WARN_UNINITIALIZED_AUTOS = YES_AGGRESSIVE;
				GCC_WARN_UNUSED_FUNCTION = YES;
				GCC_WARN_UNUSED_VARIABLE = YES;
				IPHONEOS_DEPLOYMENT_TARGET = 10.0;
				MTL_ENABLE_DEBUG_INFO = NO;
				SDKROOT = iphoneos;
				SWIFT_OPTIMIZATION_LEVEL = "-Owholemodule";
				VALIDATE_PRODUCT = YES;
			};
			name = Release;
		};
		7ED77A7B1DC840EB000A9934 /* Debug */ = {
			isa = XCBuildConfiguration;
			buildSettings = {
				ASSETCATALOG_COMPILER_APPICON_NAME = AppIcon;
				INFOPLIST_FILE = Mailbox/Info.plist;
				LD_RUNPATH_SEARCH_PATHS = "$(inherited) @executable_path/Frameworks";
				PRODUCT_BUNDLE_IDENTIFIER = com.sophiakc.Mailbox;
				PRODUCT_NAME = "$(TARGET_NAME)";
				SWIFT_VERSION = 3.0;
			};
			name = Debug;
		};
		7ED77A7C1DC840EB000A9934 /* Release */ = {
			isa = XCBuildConfiguration;
			buildSettings = {
				ASSETCATALOG_COMPILER_APPICON_NAME = AppIcon;
				INFOPLIST_FILE = Mailbox/Info.plist;
				LD_RUNPATH_SEARCH_PATHS = "$(inherited) @executable_path/Frameworks";
				PRODUCT_BUNDLE_IDENTIFIER = com.sophiakc.Mailbox;
				PRODUCT_NAME = "$(TARGET_NAME)";
				SWIFT_VERSION = 3.0;
			};
			name = Release;
		};
		7ED77A7E1DC840EB000A9934 /* Debug */ = {
			isa = XCBuildConfiguration;
			buildSettings = {
				ALWAYS_EMBED_SWIFT_STANDARD_LIBRARIES = YES;
				BUNDLE_LOADER = "$(TEST_HOST)";
				INFOPLIST_FILE = MailboxTests/Info.plist;
				LD_RUNPATH_SEARCH_PATHS = "$(inherited) @executable_path/Frameworks @loader_path/Frameworks";
				PRODUCT_BUNDLE_IDENTIFIER = com.sophiakc.MailboxTests;
				PRODUCT_NAME = "$(TARGET_NAME)";
				SWIFT_VERSION = 3.0;
				TEST_HOST = "$(BUILT_PRODUCTS_DIR)/Mailbox.app/Mailbox";
			};
			name = Debug;
		};
		7ED77A7F1DC840EB000A9934 /* Release */ = {
			isa = XCBuildConfiguration;
			buildSettings = {
				ALWAYS_EMBED_SWIFT_STANDARD_LIBRARIES = YES;
				BUNDLE_LOADER = "$(TEST_HOST)";
				INFOPLIST_FILE = MailboxTests/Info.plist;
				LD_RUNPATH_SEARCH_PATHS = "$(inherited) @executable_path/Frameworks @loader_path/Frameworks";
				PRODUCT_BUNDLE_IDENTIFIER = com.sophiakc.MailboxTests;
				PRODUCT_NAME = "$(TARGET_NAME)";
				SWIFT_VERSION = 3.0;
				TEST_HOST = "$(BUILT_PRODUCTS_DIR)/Mailbox.app/Mailbox";
			};
			name = Release;
		};
		7ED77A811DC840EB000A9934 /* Debug */ = {
			isa = XCBuildConfiguration;
			buildSettings = {
				ALWAYS_EMBED_SWIFT_STANDARD_LIBRARIES = YES;
				INFOPLIST_FILE = MailboxUITests/Info.plist;
				LD_RUNPATH_SEARCH_PATHS = "$(inherited) @executable_path/Frameworks @loader_path/Frameworks";
				PRODUCT_BUNDLE_IDENTIFIER = com.sophiakc.MailboxUITests;
				PRODUCT_NAME = "$(TARGET_NAME)";
				SWIFT_VERSION = 3.0;
				TEST_TARGET_NAME = Mailbox;
			};
			name = Debug;
		};
		7ED77A821DC840EB000A9934 /* Release */ = {
			isa = XCBuildConfiguration;
			buildSettings = {
				ALWAYS_EMBED_SWIFT_STANDARD_LIBRARIES = YES;
				INFOPLIST_FILE = MailboxUITests/Info.plist;
				LD_RUNPATH_SEARCH_PATHS = "$(inherited) @executable_path/Frameworks @loader_path/Frameworks";
				PRODUCT_BUNDLE_IDENTIFIER = com.sophiakc.MailboxUITests;
				PRODUCT_NAME = "$(TARGET_NAME)";
				SWIFT_VERSION = 3.0;
				TEST_TARGET_NAME = Mailbox;
			};
			name = Release;
		};
/* End XCBuildConfiguration section */

/* Begin XCConfigurationList section */
		7ED77A4D1DC840EA000A9934 /* Build configuration list for PBXProject "Mailbox" */ = {
			isa = XCConfigurationList;
			buildConfigurations = (
				7ED77A781DC840EB000A9934 /* Debug */,
				7ED77A791DC840EB000A9934 /* Release */,
			);
			defaultConfigurationIsVisible = 0;
			defaultConfigurationName = Release;
		};
		7ED77A7A1DC840EB000A9934 /* Build configuration list for PBXNativeTarget "Mailbox" */ = {
			isa = XCConfigurationList;
			buildConfigurations = (
				7ED77A7B1DC840EB000A9934 /* Debug */,
				7ED77A7C1DC840EB000A9934 /* Release */,
			);
			defaultConfigurationIsVisible = 0;
		};
		7ED77A7D1DC840EB000A9934 /* Build configuration list for PBXNativeTarget "MailboxTests" */ = {
			isa = XCConfigurationList;
			buildConfigurations = (
				7ED77A7E1DC840EB000A9934 /* Debug */,
				7ED77A7F1DC840EB000A9934 /* Release */,
			);
			defaultConfigurationIsVisible = 0;
		};
		7ED77A801DC840EB000A9934 /* Build configuration list for PBXNativeTarget "MailboxUITests" */ = {
			isa = XCConfigurationList;
			buildConfigurations = (
				7ED77A811DC840EB000A9934 /* Debug */,
				7ED77A821DC840EB000A9934 /* Release */,
			);
			defaultConfigurationIsVisible = 0;
		};
/* End XCConfigurationList section */
	};
	rootObject = 7ED77A4A1DC840EA000A9934 /* Project object */;
}
